
Microsoft Visual Studio Solution File, Format Version 12.00
# Visual Studio 15
VisualStudioVersion = 15.0.27130.2027
MinimumVisualStudioVersion = 10.0.40219.1
Project("{FAE04EC0-301F-11D3-BF4B-00C04F79EFBC}") = "ParagonDiscordClient", "ParagonDiscordClient.csproj", "{15F25DEE-037C-48E7-B270-B7044ABCC680}"
EndProject
Global
	GlobalSection(SolutionConfigurationPlatforms) = preSolution
		Debug|Any CPU = Debug|Any CPU
		Release|Any CPU = Release|Any CPU
	EndGlobalSection
	GlobalSection(ProjectConfigurationPlatforms) = postSolution
		{15F25DEE-037C-48E7-B270-B7044ABCC680}.Debug|Any CPU.ActiveCfg = Debug|Any CPU
		{15F25DEE-037C-48E7-B270-B7044ABCC680}.Debug|Any CPU.Build.0 = Debug|Any CPU
		{15F25DEE-037C-48E7-B270-B7044ABCC680}.Release|Any CPU.ActiveCfg = Release|Any CPU
		{15F25DEE-037C-48E7-B270-B7044ABCC680}.Release|Any CPU.Build.0 = Release|Any CPU
	EndGlobalSection
	GlobalSection(SolutionProperties) = preSolution
		HideSolutionNode = FALSE
	EndGlobalSection
	GlobalSection(ExtensibilityGlobals) = postSolution
		SolutionGuid = {786788EE-25ED-4640-B2DE-FB61E45DF015}
	EndGlobalSection
EndGlobal
